
Microsoft Visual Studio Solution File, Format Version 12.00
# Visual Studio 14
VisualStudioVersion = 14.0.24720.0
MinimumVisualStudioVersion = 10.0.40219.1
Project("{2150E333-8FDC-42A3-9474-1A3956D46DE8}") = "1 Shell", "1 Shell", "{7BF9FA9B-0F31-4555-9FAE-145CC2CE07CA}"
EndProject
Project("{2150E333-8FDC-42A3-9474-1A3956D46DE8}") = "2 Monitor", "2 Monitor", "{8AB775C5-A3EB-40C5-9014-94CD971544FB}"
EndProject
Project("{FAE04EC0-301F-11D3-BF4B-00C04F79EFBC}") = "BWJS.Shell1", "BWJS.Shell1\BWJS.Shell1.csproj", "{033C5E99-8D3A-48A6-B2C8-A66294477E18}"
EndProject
Project("{FAE04EC0-301F-11D3-BF4B-00C04F79EFBC}") = "BWJS.Shell2", "BWJS.Shell2\BWJS.Shell2.csproj", "{A12BE50B-D9DD-43C8-9833-78C6469716A5}"
EndProject
Project("{FAE04EC0-301F-11D3-BF4B-00C04F79EFBC}") = "BWJS.Client.Monitor", "BWJS.Client.Monitor\BWJS.Client.Monitor.csproj", "{0AE7E5B0-ECD7-4AFD-9364-5A937C679E5E}"
EndProject
Project("{FAE04EC0-301F-11D3-BF4B-00C04F79EFBC}") = "BWJS.Shell3", "BWJS.Shell3\BWJS.Shell3.csproj", "{7A218C70-4F11-4A9A-AB82-458412BB2CEF}"
EndProject
Project("{FAE04EC0-301F-11D3-BF4B-00C04F79EFBC}") = "BWJS.Shell4", "BWJS.Shell4\BWJS.Shell4.csproj", "{8B4D3BFF-08EF-4415-9E29-097C81519BF0}"
EndProject
Project("{FAE04EC0-301F-11D3-BF4B-00C04F79EFBC}") = "BWJS.Shell5", "BWJS.Shell5\BWJS.Shell5.csproj", "{C13FA7DD-5E8E-4BCC-A637-353C7802F48C}"
EndProject
Global
	GlobalSection(SolutionConfigurationPlatforms) = preSolution
		Debug|Any CPU = Debug|Any CPU
		Debug|x64 = Debug|x64
		Debug|x86 = Debug|x86
		Release|Any CPU = Release|Any CPU
		Release|x64 = Release|x64
		Release|x86 = Release|x86
	EndGlobalSection
	GlobalSection(ProjectConfigurationPlatforms) = postSolution
		{033C5E99-8D3A-48A6-B2C8-A66294477E18}.Debug|Any CPU.ActiveCfg = Debug|Any CPU
		{033C5E99-8D3A-48A6-B2C8-A66294477E18}.Debug|Any CPU.Build.0 = Debug|Any CPU
		{033C5E99-8D3A-48A6-B2C8-A66294477E18}.Debug|x64.ActiveCfg = Debug|Any CPU
		{033C5E99-8D3A-48A6-B2C8-A66294477E18}.Debug|x64.Build.0 = Debug|Any CPU
		{033C5E99-8D3A-48A6-B2C8-A66294477E18}.Debug|x86.ActiveCfg = Debug|Any CPU
		{033C5E99-8D3A-48A6-B2C8-A66294477E18}.Debug|x86.Build.0 = Debug|Any CPU
		{033C5E99-8D3A-48A6-B2C8-A66294477E18}.Release|Any CPU.ActiveCfg = Release|Any CPU
		{033C5E99-8D3A-48A6-B2C8-A66294477E18}.Release|Any CPU.Build.0 = Release|Any CPU
		{033C5E99-8D3A-48A6-B2C8-A66294477E18}.Release|x64.ActiveCfg = Release|Any CPU
		{033C5E99-8D3A-48A6-B2C8-A66294477E18}.Release|x64.Build.0 = Release|Any CPU
		{033C5E99-8D3A-48A6-B2C8-A66294477E18}.Release|x86.ActiveCfg = Release|Any CPU
		{033C5E99-8D3A-48A6-B2C8-A66294477E18}.Release|x86.Build.0 = Release|Any CPU
		{A12BE50B-D9DD-43C8-9833-78C6469716A5}.Debug|Any CPU.ActiveCfg = Debug|Any CPU
		{A12BE50B-D9DD-43C8-9833-78C6469716A5}.Debug|Any CPU.Build.0 = Debug|Any CPU
		{A12BE50B-D9DD-43C8-9833-78C6469716A5}.Debug|x64.ActiveCfg = Debug|Any CPU
		{A12BE50B-D9DD-43C8-9833-78C6469716A5}.Debug|x64.Build.0 = Debug|Any CPU
		{A12BE50B-D9DD-43C8-9833-78C6469716A5}.Debug|x86.ActiveCfg = Debug|Any CPU
		{A12BE50B-D9DD-43C8-9833-78C6469716A5}.Debug|x86.Build.0 = Debug|Any CPU
		{A12BE50B-D9DD-43C8-9833-78C6469716A5}.Release|Any CPU.ActiveCfg = Release|Any CPU
		{A12BE50B-D9DD-43C8-9833-78C6469716A5}.Release|Any CPU.Build.0 = Release|Any CPU
		{A12BE50B-D9DD-43C8-9833-78C6469716A5}.Release|x64.ActiveCfg = Release|Any CPU
		{A12BE50B-D9DD-43C8-9833-78C6469716A5}.Release|x64.Build.0 = Release|Any CPU
		{A12BE50B-D9DD-43C8-9833-78C6469716A5}.Release|x86.ActiveCfg = Release|Any CPU
		{A12BE50B-D9DD-43C8-9833-78C6469716A5}.Release|x86.Build.0 = Release|Any CPU
		{0AE7E5B0-ECD7-4AFD-9364-5A937C679E5E}.Debug|Any CPU.ActiveCfg = Debug|Any CPU
		{0AE7E5B0-ECD7-4AFD-9364-5A937C679E5E}.Debug|Any CPU.Build.0 = Debug|Any CPU
		{0AE7E5B0-ECD7-4AFD-9364-5A937C679E5E}.Debug|x64.ActiveCfg = Debug|Any CPU
		{0AE7E5B0-ECD7-4AFD-9364-5A937C679E5E}.Debug|x64.Build.0 = Debug|Any CPU
		{0AE7E5B0-ECD7-4AFD-9364-5A937C679E5E}.Debug|x86.ActiveCfg = Debug|Any CPU
		{0AE7E5B0-ECD7-4AFD-9364-5A937C679E5E}.Debug|x86.Build.0 = Debug|Any CPU
		{0AE7E5B0-ECD7-4AFD-9364-5A937C679E5E}.Release|Any CPU.ActiveCfg = Release|Any CPU
		{0AE7E5B0-ECD7-4AFD-9364-5A937C679E5E}.Release|Any CPU.Build.0 = Release|Any CPU
		{0AE7E5B0-ECD7-4AFD-9364-5A937C679E5E}.Release|x64.ActiveCfg = Release|Any CPU
		{0AE7E5B0-ECD7-4AFD-9364-5A937C679E5E}.Release|x64.Build.0 = Release|Any CPU
		{0AE7E5B0-ECD7-4AFD-9364-5A937C679E5E}.Release|x86.ActiveCfg = Release|Any CPU
		{0AE7E5B0-ECD7-4AFD-9364-5A937C679E5E}.Release|x86.Build.0 = Release|Any CPU
		{7A218C70-4F11-4A9A-AB82-458412BB2CEF}.Debug|Any CPU.ActiveCfg = Debug|Any CPU
		{7A218C70-4F11-4A9A-AB82-458412BB2CEF}.Debug|Any CPU.Build.0 = Debug|Any CPU
		{7A218C70-4F11-4A9A-AB82-458412BB2CEF}.Debug|x64.ActiveCfg = Debug|Any CPU
		{7A218C70-4F11-4A9A-AB82-458412BB2CEF}.Debug|x64.Build.0 = Debug|Any CPU
		{7A218C70-4F11-4A9A-AB82-458412BB2CEF}.Debug|x86.ActiveCfg = Debug|Any CPU
		{7A218C70-4F11-4A9A-AB82-458412BB2CEF}.Debug|x86.Build.0 = Debug|Any CPU
		{7A218C70-4F11-4A9A-AB82-458412BB2CEF}.Release|Any CPU.ActiveCfg = Release|Any CPU
		{7A218C70-4F11-4A9A-AB82-458412BB2CEF}.Release|Any CPU.Build.0 = Release|Any CPU
		{7A218C70-4F11-4A9A-AB82-458412BB2CEF}.Release|x64.ActiveCfg = Release|Any CPU
		{7A218C70-4F11-4A9A-AB82-458412BB2CEF}.Release|x64.Build.0 = Release|Any CPU
		{7A218C70-4F11-4A9A-AB82-458412BB2CEF}.Release|x86.ActiveCfg = Release|Any CPU
		{7A218C70-4F11-4A9A-AB82-458412BB2CEF}.Release|x86.Build.0 = Release|Any CPU
		{8B4D3BFF-08EF-4415-9E29-097C81519BF0}.Debug|Any CPU.ActiveCfg = Debug|Any CPU
		{8B4D3BFF-08EF-4415-9E29-097C81519BF0}.Debug|Any CPU.Build.0 = Debug|Any CPU
		{8B4D3BFF-08EF-4415-9E29-097C81519BF0}.Debug|x64.ActiveCfg = Debug|x64
		{8B4D3BFF-08EF-4415-9E29-097C81519BF0}.Debug|x64.Build.0 = Debug|x64
		{8B4D3BFF-08EF-4415-9E29-097C81519BF0}.Debug|x86.ActiveCfg = Debug|x86
		{8B4D3BFF-08EF-4415-9E29-097C81519BF0}.Debug|x86.Build.0 = Debug|x86
		{8B4D3BFF-08EF-4415-9E29-097C81519BF0}.Release|Any CPU.ActiveCfg = Release|Any CPU
		{8B4D3BFF-08EF-4415-9E29-097C81519BF0}.Release|Any CPU.Build.0 = Release|Any CPU
		{8B4D3BFF-08EF-4415-9E29-097C81519BF0}.Release|x64.ActiveCfg = Release|x64
		{8B4D3BFF-08EF-4415-9E29-097C81519BF0}.Release|x64.Build.0 = Release|x64
		{8B4D3BFF-08EF-4415-9E29-097C81519BF0}.Release|x86.ActiveCfg = Release|x86
		{8B4D3BFF-08EF-4415-9E29-097C81519BF0}.Release|x86.Build.0 = Release|x86
		{C13FA7DD-5E8E-4BCC-A637-353C7802F48C}.Debug|Any CPU.ActiveCfg = Debug|Any CPU
		{C13FA7DD-5E8E-4BCC-A637-353C7802F48C}.Debug|Any CPU.Build.0 = Debug|Any CPU
		{C13FA7DD-5E8E-4BCC-A637-353C7802F48C}.Debug|x64.ActiveCfg = Debug|x64
		{C13FA7DD-5E8E-4BCC-A637-353C7802F48C}.Debug|x64.Build.0 = Debug|x64
		{C13FA7DD-5E8E-4BCC-A637-353C7802F48C}.Debug|x86.ActiveCfg = Debug|x86
		{C13FA7DD-5E8E-4BCC-A637-353C7802F48C}.Debug|x86.Build.0 = Debug|x86
		{C13FA7DD-5E8E-4BCC-A637-353C7802F48C}.Release|Any CPU.ActiveCfg = Release|Any CPU
		{C13FA7DD-5E8E-4BCC-A637-353C7802F48C}.Release|Any CPU.Build.0 = Release|Any CPU
		{C13FA7DD-5E8E-4BCC-A637-353C7802F48C}.Release|x64.ActiveCfg = Release|x64
		{C13FA7DD-5E8E-4BCC-A637-353C7802F48C}.Release|x64.Build.0 = Release|x64
		{C13FA7DD-5E8E-4BCC-A637-353C7802F48C}.Release|x86.ActiveCfg = Release|x86
		{C13FA7DD-5E8E-4BCC-A637-353C7802F48C}.Release|x86.Build.0 = Release|x86
	EndGlobalSection
	GlobalSection(SolutionProperties) = preSolution
		HideSolutionNode = FALSE
	EndGlobalSection
	GlobalSection(NestedProjects) = preSolution
		{033C5E99-8D3A-48A6-B2C8-A66294477E18} = {7BF9FA9B-0F31-4555-9FAE-145CC2CE07CA}
		{A12BE50B-D9DD-43C8-9833-78C6469716A5} = {7BF9FA9B-0F31-4555-9FAE-145CC2CE07CA}
		{0AE7E5B0-ECD7-4AFD-9364-5A937C679E5E} = {8AB775C5-A3EB-40C5-9014-94CD971544FB}
		{7A218C70-4F11-4A9A-AB82-458412BB2CEF} = {7BF9FA9B-0F31-4555-9FAE-145CC2CE07CA}
		{8B4D3BFF-08EF-4415-9E29-097C81519BF0} = {7BF9FA9B-0F31-4555-9FAE-145CC2CE07CA}
		{C13FA7DD-5E8E-4BCC-A637-353C7802F48C} = {7BF9FA9B-0F31-4555-9FAE-145CC2CE07CA}
	EndGlobalSection
EndGlobal
